PODS:
  - PluggableApplicationDelegate (0.2.1)
  - RPFramework (0.9.1):
    - RPFramework/Core (= 0.9.1)
  - RPFramework/Core (0.9.1):
    - PluggableApplicationDelegate

DEPENDENCIES:
  - PluggableApplicationDelegate (from `https://github.com/RedP4nda/PluggableApplicationDelegate.git`)
  - RPFramework (from `../`)

EXTERNAL SOURCES:
  PluggableApplicationDelegate:
    :git: https://github.com/RedP4nda/PluggableApplicationDelegate.git
  RPFramework:
    :path: "../"

CHECKOUT OPTIONS:
  PluggableApplicationDelegate:
    :commit: fad984dc665402ba447bba0288027b0b757c011b
    :git: https://github.com/RedP4nda/PluggableApplicationDelegate.git

SPEC CHECKSUMS:
  PluggableApplicationDelegate: 6f0ce2c1e0b39c98e64ce0f95e3858ce058e3ac3
  RPFramework: 79e77b12a5c7ebbfc617a57462bb802bf3e10ae9

PODFILE CHECKSUM: 6d612f9fff7b22fcfdb2c497c93d361db7514db3

COCOAPODS: 1.2.0
